{
  "requires": true,
  "lockfileVersion": 1,
  "dependencies": {
    "dictionary-ru": {
      "version": "1.2.2",
      "resolved": "https://registry.npmjs.org/dictionary-ru/-/dictionary-ru-1.2.2.tgz",
      "integrity": "sha512-IBAH6Qi/xjiVMViCiwdvmx05vRz/Y7I/UyScGkhzqeqwX3O5NdZtyM2jXru1AjF8uhAR5fhrpj87oVvkWGgziQ=="
    }
  }
}
