
Microsoft Visual Studio Solution File, Format Version 12.00
# Visual Studio Version 16
VisualStudioVersion = 16.0.29215.179
MinimumVisualStudioVersion = 10.0.40219.1
Project("{9A19103F-16F7-4668-BE54-9A1E7A4F7556}") = "Server", "Server\Server.csproj", "{8C8C3F1B-6BDC-4732-9488-18CF819ED261}"
EndProject
Project("{9A19103F-16F7-4668-BE54-9A1E7A4F7556}") = "TestLibrary", "TestLibrary\TestLibrary.csproj", "{4E5E139E-EE44-4DDD-BD8F-4F246A3D0268}"
EndProject
Project("{9A19103F-16F7-4668-BE54-9A1E7A4F7556}") = "Client", "Client\Client.csproj", "{E0E5A7B9-2655-4406-BAA2-21E3DADF6A18}"
EndProject
Project("{FAE04EC0-301F-11D3-BF4B-00C04F79EFBC}") = "Union", "Union\Union.csproj", "{0936666D-5C34-4A37-998F-26AA6A7DFCB5}"
EndProject
Project("{FAE04EC0-301F-11D3-BF4B-00C04F79EFBC}") = "ServerRun", "ServerRun\ServerRun.csproj", "{A8CD3BC4-066F-441E-ACCD-651113F14465}"
EndProject
Project("{FAE04EC0-301F-11D3-BF4B-00C04F79EFBC}") = "ClientRun", "ClientRun\ClientRun.csproj", "{44B005A8-2A6D-4D8C-9ABA-3F8B3B9F9537}"
EndProject
Global
	GlobalSection(SolutionConfigurationPlatforms) = preSolution
		Debug|Any CPU = Debug|Any CPU
		Release|Any CPU = Release|Any CPU
	EndGlobalSection
	GlobalSection(ProjectConfigurationPlatforms) = postSolution
		{8C8C3F1B-6BDC-4732-9488-18CF819ED261}.Debug|Any CPU.ActiveCfg = Debug|Any CPU
		{8C8C3F1B-6BDC-4732-9488-18CF819ED261}.Debug|Any CPU.Build.0 = Debug|Any CPU
		{8C8C3F1B-6BDC-4732-9488-18CF819ED261}.Release|Any CPU.ActiveCfg = Release|Any CPU
		{8C8C3F1B-6BDC-4732-9488-18CF819ED261}.Release|Any CPU.Build.0 = Release|Any CPU
		{4E5E139E-EE44-4DDD-BD8F-4F246A3D0268}.Debug|Any CPU.ActiveCfg = Debug|Any CPU
		{4E5E139E-EE44-4DDD-BD8F-4F246A3D0268}.Debug|Any CPU.Build.0 = Debug|Any CPU
		{4E5E139E-EE44-4DDD-BD8F-4F246A3D0268}.Release|Any CPU.ActiveCfg = Release|Any CPU
		{4E5E139E-EE44-4DDD-BD8F-4F246A3D0268}.Release|Any CPU.Build.0 = Release|Any CPU
		{E0E5A7B9-2655-4406-BAA2-21E3DADF6A18}.Debug|Any CPU.ActiveCfg = Debug|Any CPU
		{E0E5A7B9-2655-4406-BAA2-21E3DADF6A18}.Debug|Any CPU.Build.0 = Debug|Any CPU
		{E0E5A7B9-2655-4406-BAA2-21E3DADF6A18}.Release|Any CPU.ActiveCfg = Release|Any CPU
		{E0E5A7B9-2655-4406-BAA2-21E3DADF6A18}.Release|Any CPU.Build.0 = Release|Any CPU
		{0936666D-5C34-4A37-998F-26AA6A7DFCB5}.Debug|Any CPU.ActiveCfg = Debug|Any CPU
		{0936666D-5C34-4A37-998F-26AA6A7DFCB5}.Debug|Any CPU.Build.0 = Debug|Any CPU
		{0936666D-5C34-4A37-998F-26AA6A7DFCB5}.Release|Any CPU.ActiveCfg = Release|Any CPU
		{0936666D-5C34-4A37-998F-26AA6A7DFCB5}.Release|Any CPU.Build.0 = Release|Any CPU
		{A8CD3BC4-066F-441E-ACCD-651113F14465}.Debug|Any CPU.ActiveCfg = Debug|Any CPU
		{A8CD3BC4-066F-441E-ACCD-651113F14465}.Debug|Any CPU.Build.0 = Debug|Any CPU
		{A8CD3BC4-066F-441E-ACCD-651113F14465}.Release|Any CPU.ActiveCfg = Release|Any CPU
		{A8CD3BC4-066F-441E-ACCD-651113F14465}.Release|Any CPU.Build.0 = Release|Any CPU
		{44B005A8-2A6D-4D8C-9ABA-3F8B3B9F9537}.Debug|Any CPU.ActiveCfg = Debug|Any CPU
		{44B005A8-2A6D-4D8C-9ABA-3F8B3B9F9537}.Debug|Any CPU.Build.0 = Debug|Any CPU
		{44B005A8-2A6D-4D8C-9ABA-3F8B3B9F9537}.Release|Any CPU.ActiveCfg = Release|Any CPU
		{44B005A8-2A6D-4D8C-9ABA-3F8B3B9F9537}.Release|Any CPU.Build.0 = Release|Any CPU
	EndGlobalSection
	GlobalSection(SolutionProperties) = preSolution
		HideSolutionNode = FALSE
	EndGlobalSection
	GlobalSection(ExtensibilityGlobals) = postSolution
		SolutionGuid = {F43809B7-3531-4317-9C7E-29EF169E09A8}
	EndGlobalSection
EndGlobal
